{
  "name": "node-geo-search",
  "version": "0.0.1",
  "lockfileVersion": 1,
  "requires": true,
  "dependencies": {
    "gbk.js": {
      "version": "0.2.3",
      "resolved": "https://registry.npmjs.org/gbk.js/-/gbk.js-0.2.3.tgz",
      "integrity": "sha512-P4zAWm+ZDIX2Lk0xAPjQUnDFaRLWKYc4ncBEseLrgNO4R7wG1sLaan138gSeY4BpGAzTeEUZmYNDBrLtnuqr1Q=="
    }
  }
}
